
Microsoft Visual Studio Solution File, Format Version 12.00
# Visual Studio Version 16
VisualStudioVersion = 16.0.29521.150
MinimumVisualStudioVersion = 10.0.40219.1
Project("{FAE04EC0-301F-11D3-BF4B-00C04F79EFBC}") = "PTC", "PTC\PTC.csproj", "{7759096C-38C1-4813-A614-5F1817B48279}"
EndProject
Project("{FAE04EC0-301F-11D3-BF4B-00C04F79EFBC}") = "PTC.Data", "PTC.Data\PTC.Data.csproj", "{884EB587-97D0-49D1-A48F-9991C11A27E1}"
EndProject
Project("{FAE04EC0-301F-11D3-BF4B-00C04F79EFBC}") = "PTC.Common", "PTC.Common\PTC.Common.csproj", "{8156E512-3833-43A6-AEE7-A587D57D3624}"
EndProject
Global
	GlobalSection(SolutionConfigurationPlatforms) = preSolution
		Debug|Any CPU = Debug|Any CPU
		Release|Any CPU = Release|Any CPU
	EndGlobalSection
	GlobalSection(ProjectConfigurationPlatforms) = postSolution
		{7759096C-38C1-4813-A614-5F1817B48279}.Debug|Any CPU.ActiveCfg = Debug|Any CPU
		{7759096C-38C1-4813-A614-5F1817B48279}.Debug|Any CPU.Build.0 = Debug|Any CPU
		{7759096C-38C1-4813-A614-5F1817B48279}.Release|Any CPU.ActiveCfg = Release|Any CPU
		{7759096C-38C1-4813-A614-5F1817B48279}.Release|Any CPU.Build.0 = Release|Any CPU
		{884EB587-97D0-49D1-A48F-9991C11A27E1}.Debug|Any CPU.ActiveCfg = Debug|Any CPU
		{884EB587-97D0-49D1-A48F-9991C11A27E1}.Debug|Any CPU.Build.0 = Debug|Any CPU
		{884EB587-97D0-49D1-A48F-9991C11A27E1}.Release|Any CPU.ActiveCfg = Release|Any CPU
		{884EB587-97D0-49D1-A48F-9991C11A27E1}.Release|Any CPU.Build.0 = Release|Any CPU
		{8156E512-3833-43A6-AEE7-A587D57D3624}.Debug|Any CPU.ActiveCfg = Debug|Any CPU
		{8156E512-3833-43A6-AEE7-A587D57D3624}.Debug|Any CPU.Build.0 = Debug|Any CPU
		{8156E512-3833-43A6-AEE7-A587D57D3624}.Release|Any CPU.ActiveCfg = Release|Any CPU
		{8156E512-3833-43A6-AEE7-A587D57D3624}.Release|Any CPU.Build.0 = Release|Any CPU
	EndGlobalSection
	GlobalSection(SolutionProperties) = preSolution
		HideSolutionNode = FALSE
	EndGlobalSection
	GlobalSection(ExtensibilityGlobals) = postSolution
		SolutionGuid = {EE0EBE7E-FA09-4823-9C2E-BB59B3F34893}
	EndGlobalSection
EndGlobal
